// !$*UTF8*$!
{
	archiveVersion = 1;
	classes = {
	};
	objectVersion = 46;
	objects = {

/* Begin PBXBuildFile section */
<<<<<<< HEAD
		431D4B5A1C0509C800BD03A3 /* UserTests.m in Sources */ = {isa = PBXBuildFile; fileRef = 431D4B591C0509C800BD03A3 /* UserTests.m */; };
=======
		43125FE01BFA997700D3429A /* PostCollectionViewCell.m in Sources */ = {isa = PBXBuildFile; fileRef = 43125FDF1BFA997700D3429A /* PostCollectionViewCell.m */; };
>>>>>>> assignment-43-filters
		437AFF811BF1530300105C21 /* CameraToolbar.m in Sources */ = {isa = PBXBuildFile; fileRef = 437AFF801BF1530300105C21 /* CameraToolbar.m */; };
		437AFF871BF1581B00105C21 /* CameraViewController.m in Sources */ = {isa = PBXBuildFile; fileRef = 437AFF861BF1581B00105C21 /* CameraViewController.m */; };
		437AFF8A1BF15B3E00105C21 /* UIImage+ImageUtilities.m in Sources */ = {isa = PBXBuildFile; fileRef = 437AFF891BF15B3E00105C21 /* UIImage+ImageUtilities.m */; };
		437C2D381BEA7FA4001AE9D7 /* CircleSpinnerView.m in Sources */ = {isa = PBXBuildFile; fileRef = 437C2D371BEA7FA4001AE9D7 /* CircleSpinnerView.m */; };
		437C2D3B1BEA8CA9001AE9D7 /* LikeButton.m in Sources */ = {isa = PBXBuildFile; fileRef = 437C2D3A1BEA8CA9001AE9D7 /* LikeButton.m */; };
		437ED1B41BF7C56100FFC158 /* CropImageViewController.m in Sources */ = {isa = PBXBuildFile; fileRef = 437ED1B01BF7C56100FFC158 /* CropImageViewController.m */; };
		437ED1B51BF7C56100FFC158 /* CropBox.m in Sources */ = {isa = PBXBuildFile; fileRef = 437ED1B21BF7C56100FFC158 /* CropBox.m */; };
		437ED1B81BF7C5B500FFC158 /* ImageLibraryViewController.m in Sources */ = {isa = PBXBuildFile; fileRef = 437ED1B71BF7C5B500FFC158 /* ImageLibraryViewController.m */; };
		437ED1BB1BF7F35200FFC158 /* PostToInstagramViewController.m in Sources */ = {isa = PBXBuildFile; fileRef = 437ED1BA1BF7F35200FFC158 /* PostToInstagramViewController.m */; };
		43894FB71BD1705D00DB9771 /* MediaTableViewCell.m in Sources */ = {isa = PBXBuildFile; fileRef = 43894FB61BD1705D00DB9771 /* MediaTableViewCell.m */; };
		43B60DA91BCC3166004FB168 /* main.m in Sources */ = {isa = PBXBuildFile; fileRef = 43B60DA81BCC3166004FB168 /* main.m */; };
		43B60DAC1BCC3166004FB168 /* AppDelegate.m in Sources */ = {isa = PBXBuildFile; fileRef = 43B60DAB1BCC3166004FB168 /* AppDelegate.m */; };
		43B60DB41BCC3166004FB168 /* Assets.xcassets in Resources */ = {isa = PBXBuildFile; fileRef = 43B60DB31BCC3166004FB168 /* Assets.xcassets */; };
		43B60DB71BCC3166004FB168 /* LaunchScreen.storyboard in Resources */ = {isa = PBXBuildFile; fileRef = 43B60DB51BCC3166004FB168 /* LaunchScreen.storyboard */; };
		43B60DC21BCC3166004FB168 /* BlocstagramTests.m in Sources */ = {isa = PBXBuildFile; fileRef = 43B60DC11BCC3166004FB168 /* BlocstagramTests.m */; };
		43B60DCD1BCC3166004FB168 /* BlocstagramUITests.m in Sources */ = {isa = PBXBuildFile; fileRef = 43B60DCC1BCC3166004FB168 /* BlocstagramUITests.m */; };
		43CA63111BDEB5AF008606F1 /* LoginViewController.m in Sources */ = {isa = PBXBuildFile; fileRef = 43CA63101BDEB5AF008606F1 /* LoginViewController.m */; };
		43CA63141BE2CBDB008606F1 /* MediaFullScreenViewController.m in Sources */ = {isa = PBXBuildFile; fileRef = 43CA63131BE2CBDB008606F1 /* MediaFullScreenViewController.m */; };
		43D58C5A1BCC373C002907C7 /* ImagesTableViewController.m in Sources */ = {isa = PBXBuildFile; fileRef = 43D58C591BCC373C002907C7 /* ImagesTableViewController.m */; };
		43D58C5D1BCC5527002907C7 /* User.m in Sources */ = {isa = PBXBuildFile; fileRef = 43D58C5C1BCC5527002907C7 /* User.m */; };
		43D58C601BCC5534002907C7 /* Media.m in Sources */ = {isa = PBXBuildFile; fileRef = 43D58C5F1BCC5534002907C7 /* Media.m */; };
		43D58C631BCC5541002907C7 /* Comment.m in Sources */ = {isa = PBXBuildFile; fileRef = 43D58C621BCC5541002907C7 /* Comment.m */; };
		43D58C661BCC5612002907C7 /* DataSource.m in Sources */ = {isa = PBXBuildFile; fileRef = 43D58C651BCC5612002907C7 /* DataSource.m */; };
		43FE20941BED5F76009D0D56 /* ComposeCommentView.m in Sources */ = {isa = PBXBuildFile; fileRef = 43FE20931BED5F76009D0D56 /* ComposeCommentView.m */; };
		67E52AD2E6034D7B1950E646 /* libPods.a in Frameworks */ = {isa = PBXBuildFile; fileRef = 370C3740C6203857BF098F1A /* libPods.a */; };
/* End PBXBuildFile section */

/* Begin PBXContainerItemProxy section */
		43B60DBE1BCC3166004FB168 /* PBXContainerItemProxy */ = {
			isa = PBXContainerItemProxy;
			containerPortal = 43B60D9C1BCC3166004FB168 /* Project object */;
			proxyType = 1;
			remoteGlobalIDString = 43B60DA31BCC3166004FB168;
			remoteInfo = Blocstagram;
		};
		43B60DC91BCC3166004FB168 /* PBXContainerItemProxy */ = {
			isa = PBXContainerItemProxy;
			containerPortal = 43B60D9C1BCC3166004FB168 /* Project object */;
			proxyType = 1;
			remoteGlobalIDString = 43B60DA31BCC3166004FB168;
			remoteInfo = Blocstagram;
		};
/* End PBXContainerItemProxy section */

/* Begin PBXFileReference section */
		370C3740C6203857BF098F1A /* libPods.a */ = {isa = PBXFileReference; explicitFileType = archive.ar; includeInIndex = 0; path = libPods.a; sourceTree = BUILT_PRODUCTS_DIR; };
<<<<<<< HEAD
		431D4B591C0509C800BD03A3 /* UserTests.m */ = {isa = PBXFileReference; fileEncoding = 4; lastKnownFileType = sourcecode.c.objc; path = UserTests.m; sourceTree = "<group>"; };
=======
		43125FDE1BFA997700D3429A /* PostCollectionViewCell.h */ = {isa = PBXFileReference; fileEncoding = 4; lastKnownFileType = sourcecode.c.h; name = PostCollectionViewCell.h; path = ../PostCollectionViewCell.h; sourceTree = "<group>"; };
		43125FDF1BFA997700D3429A /* PostCollectionViewCell.m */ = {isa = PBXFileReference; fileEncoding = 4; lastKnownFileType = sourcecode.c.objc; name = PostCollectionViewCell.m; path = ../PostCollectionViewCell.m; sourceTree = "<group>"; };
>>>>>>> assignment-43-filters
		437AFF7F1BF1530300105C21 /* CameraToolbar.h */ = {isa = PBXFileReference; fileEncoding = 4; lastKnownFileType = sourcecode.c.h; path = CameraToolbar.h; sourceTree = "<group>"; };
		437AFF801BF1530300105C21 /* CameraToolbar.m */ = {isa = PBXFileReference; fileEncoding = 4; lastKnownFileType = sourcecode.c.objc; path = CameraToolbar.m; sourceTree = "<group>"; };
		437AFF851BF1581B00105C21 /* CameraViewController.h */ = {isa = PBXFileReference; fileEncoding = 4; lastKnownFileType = sourcecode.c.h; path = CameraViewController.h; sourceTree = "<group>"; };
		437AFF861BF1581B00105C21 /* CameraViewController.m */ = {isa = PBXFileReference; fileEncoding = 4; lastKnownFileType = sourcecode.c.objc; path = CameraViewController.m; sourceTree = "<group>"; };
		437AFF881BF15B3E00105C21 /* UIImage+ImageUtilities.h */ = {isa = PBXFileReference; fileEncoding = 4; lastKnownFileType = sourcecode.c.h; path = "UIImage+ImageUtilities.h"; sourceTree = "<group>"; };
		437AFF891BF15B3E00105C21 /* UIImage+ImageUtilities.m */ = {isa = PBXFileReference; fileEncoding = 4; lastKnownFileType = sourcecode.c.objc; path = "UIImage+ImageUtilities.m"; sourceTree = "<group>"; };
		437C2D361BEA7FA4001AE9D7 /* CircleSpinnerView.h */ = {isa = PBXFileReference; fileEncoding = 4; lastKnownFileType = sourcecode.c.h; path = CircleSpinnerView.h; sourceTree = "<group>"; };
		437C2D371BEA7FA4001AE9D7 /* CircleSpinnerView.m */ = {isa = PBXFileReference; fileEncoding = 4; lastKnownFileType = sourcecode.c.objc; path = CircleSpinnerView.m; sourceTree = "<group>"; };
		437C2D391BEA8CA9001AE9D7 /* LikeButton.h */ = {isa = PBXFileReference; fileEncoding = 4; lastKnownFileType = sourcecode.c.h; path = LikeButton.h; sourceTree = "<group>"; };
		437C2D3A1BEA8CA9001AE9D7 /* LikeButton.m */ = {isa = PBXFileReference; fileEncoding = 4; lastKnownFileType = sourcecode.c.objc; path = LikeButton.m; sourceTree = "<group>"; };
		437ED1B01BF7C56100FFC158 /* CropImageViewController.m */ = {isa = PBXFileReference; fileEncoding = 4; lastKnownFileType = sourcecode.c.objc; path = CropImageViewController.m; sourceTree = "<group>"; };
		437ED1B11BF7C56100FFC158 /* CropImageViewController.h */ = {isa = PBXFileReference; fileEncoding = 4; lastKnownFileType = sourcecode.c.h; path = CropImageViewController.h; sourceTree = "<group>"; };
		437ED1B21BF7C56100FFC158 /* CropBox.m */ = {isa = PBXFileReference; fileEncoding = 4; lastKnownFileType = sourcecode.c.objc; path = CropBox.m; sourceTree = "<group>"; };
		437ED1B31BF7C56100FFC158 /* CropBox.h */ = {isa = PBXFileReference; fileEncoding = 4; lastKnownFileType = sourcecode.c.h; path = CropBox.h; sourceTree = "<group>"; };
		437ED1B61BF7C5B500FFC158 /* ImageLibraryViewController.h */ = {isa = PBXFileReference; fileEncoding = 4; lastKnownFileType = sourcecode.c.h; name = ImageLibraryViewController.h; path = ../ImageLibraryViewController.h; sourceTree = "<group>"; };
		437ED1B71BF7C5B500FFC158 /* ImageLibraryViewController.m */ = {isa = PBXFileReference; fileEncoding = 4; lastKnownFileType = sourcecode.c.objc; name = ImageLibraryViewController.m; path = ../ImageLibraryViewController.m; sourceTree = "<group>"; };
		437ED1B91BF7F35200FFC158 /* PostToInstagramViewController.h */ = {isa = PBXFileReference; fileEncoding = 4; lastKnownFileType = sourcecode.c.h; path = PostToInstagramViewController.h; sourceTree = "<group>"; };
		437ED1BA1BF7F35200FFC158 /* PostToInstagramViewController.m */ = {isa = PBXFileReference; fileEncoding = 4; lastKnownFileType = sourcecode.c.objc; path = PostToInstagramViewController.m; sourceTree = "<group>"; };
		43894FB51BD1705D00DB9771 /* MediaTableViewCell.h */ = {isa = PBXFileReference; fileEncoding = 4; lastKnownFileType = sourcecode.c.h; path = MediaTableViewCell.h; sourceTree = "<group>"; };
		43894FB61BD1705D00DB9771 /* MediaTableViewCell.m */ = {isa = PBXFileReference; fileEncoding = 4; lastKnownFileType = sourcecode.c.objc; path = MediaTableViewCell.m; sourceTree = "<group>"; };
		43B60DA41BCC3166004FB168 /* Blocstagram.app */ = {isa = PBXFileReference; explicitFileType = wrapper.application; includeInIndex = 0; path = Blocstagram.app; sourceTree = BUILT_PRODUCTS_DIR; };
		43B60DA81BCC3166004FB168 /* main.m */ = {isa = PBXFileReference; lastKnownFileType = sourcecode.c.objc; path = main.m; sourceTree = "<group>"; };
		43B60DAA1BCC3166004FB168 /* AppDelegate.h */ = {isa = PBXFileReference; lastKnownFileType = sourcecode.c.h; path = AppDelegate.h; sourceTree = "<group>"; };
		43B60DAB1BCC3166004FB168 /* AppDelegate.m */ = {isa = PBXFileReference; lastKnownFileType = sourcecode.c.objc; path = AppDelegate.m; sourceTree = "<group>"; };
		43B60DB31BCC3166004FB168 /* Assets.xcassets */ = {isa = PBXFileReference; lastKnownFileType = folder.assetcatalog; path = Assets.xcassets; sourceTree = "<group>"; };
		43B60DB61BCC3166004FB168 /* Base */ = {isa = PBXFileReference; lastKnownFileType = file.storyboard; name = Base; path = Base.lproj/LaunchScreen.storyboard; sourceTree = "<group>"; };
		43B60DB81BCC3166004FB168 /* Info.plist */ = {isa = PBXFileReference; lastKnownFileType = text.plist.xml; path = Info.plist; sourceTree = "<group>"; };
		43B60DBD1BCC3166004FB168 /* BlocstagramTests.xctest */ = {isa = PBXFileReference; explicitFileType = wrapper.cfbundle; includeInIndex = 0; path = BlocstagramTests.xctest; sourceTree = BUILT_PRODUCTS_DIR; };
		43B60DC11BCC3166004FB168 /* BlocstagramTests.m */ = {isa = PBXFileReference; lastKnownFileType = sourcecode.c.objc; path = BlocstagramTests.m; sourceTree = "<group>"; };
		43B60DC31BCC3166004FB168 /* Info.plist */ = {isa = PBXFileReference; lastKnownFileType = text.plist.xml; path = Info.plist; sourceTree = "<group>"; };
		43B60DC81BCC3166004FB168 /* BlocstagramUITests.xctest */ = {isa = PBXFileReference; explicitFileType = wrapper.cfbundle; includeInIndex = 0; path = BlocstagramUITests.xctest; sourceTree = BUILT_PRODUCTS_DIR; };
		43B60DCC1BCC3166004FB168 /* BlocstagramUITests.m */ = {isa = PBXFileReference; lastKnownFileType = sourcecode.c.objc; path = BlocstagramUITests.m; sourceTree = "<group>"; };
		43B60DCE1BCC3166004FB168 /* Info.plist */ = {isa = PBXFileReference; lastKnownFileType = text.plist.xml; path = Info.plist; sourceTree = "<group>"; };
		43CA630F1BDEB5AF008606F1 /* LoginViewController.h */ = {isa = PBXFileReference; fileEncoding = 4; lastKnownFileType = sourcecode.c.h; name = LoginViewController.h; path = ../LoginViewController.h; sourceTree = "<group>"; };
		43CA63101BDEB5AF008606F1 /* LoginViewController.m */ = {isa = PBXFileReference; fileEncoding = 4; lastKnownFileType = sourcecode.c.objc; name = LoginViewController.m; path = ../LoginViewController.m; sourceTree = "<group>"; };
		43CA63121BE2CBDB008606F1 /* MediaFullScreenViewController.h */ = {isa = PBXFileReference; fileEncoding = 4; lastKnownFileType = sourcecode.c.h; name = MediaFullScreenViewController.h; path = ../MediaFullScreenViewController.h; sourceTree = "<group>"; };
		43CA63131BE2CBDB008606F1 /* MediaFullScreenViewController.m */ = {isa = PBXFileReference; fileEncoding = 4; lastKnownFileType = sourcecode.c.objc; name = MediaFullScreenViewController.m; path = ../MediaFullScreenViewController.m; sourceTree = "<group>"; };
		43D58C581BCC373C002907C7 /* ImagesTableViewController.h */ = {isa = PBXFileReference; fileEncoding = 4; lastKnownFileType = sourcecode.c.h; name = ImagesTableViewController.h; path = ../ImagesTableViewController.h; sourceTree = "<group>"; };
		43D58C591BCC373C002907C7 /* ImagesTableViewController.m */ = {isa = PBXFileReference; fileEncoding = 4; lastKnownFileType = sourcecode.c.objc; name = ImagesTableViewController.m; path = ../ImagesTableViewController.m; sourceTree = "<group>"; };
		43D58C5B1BCC5527002907C7 /* User.h */ = {isa = PBXFileReference; fileEncoding = 4; lastKnownFileType = sourcecode.c.h; path = User.h; sourceTree = "<group>"; };
		43D58C5C1BCC5527002907C7 /* User.m */ = {isa = PBXFileReference; fileEncoding = 4; lastKnownFileType = sourcecode.c.objc; path = User.m; sourceTree = "<group>"; };
		43D58C5E1BCC5534002907C7 /* Media.h */ = {isa = PBXFileReference; fileEncoding = 4; lastKnownFileType = sourcecode.c.h; path = Media.h; sourceTree = "<group>"; };
		43D58C5F1BCC5534002907C7 /* Media.m */ = {isa = PBXFileReference; fileEncoding = 4; lastKnownFileType = sourcecode.c.objc; path = Media.m; sourceTree = "<group>"; };
		43D58C611BCC5541002907C7 /* Comment.h */ = {isa = PBXFileReference; fileEncoding = 4; lastKnownFileType = sourcecode.c.h; path = Comment.h; sourceTree = "<group>"; };
		43D58C621BCC5541002907C7 /* Comment.m */ = {isa = PBXFileReference; fileEncoding = 4; lastKnownFileType = sourcecode.c.objc; path = Comment.m; sourceTree = "<group>"; };
		43D58C641BCC5612002907C7 /* DataSource.h */ = {isa = PBXFileReference; fileEncoding = 4; lastKnownFileType = sourcecode.c.h; path = DataSource.h; sourceTree = "<group>"; };
		43D58C651BCC5612002907C7 /* DataSource.m */ = {isa = PBXFileReference; fileEncoding = 4; lastKnownFileType = sourcecode.c.objc; path = DataSource.m; sourceTree = "<group>"; };
		43FE20921BED5F76009D0D56 /* ComposeCommentView.h */ = {isa = PBXFileReference; fileEncoding = 4; lastKnownFileType = sourcecode.c.h; path = ComposeCommentView.h; sourceTree = "<group>"; };
		43FE20931BED5F76009D0D56 /* ComposeCommentView.m */ = {isa = PBXFileReference; fileEncoding = 4; lastKnownFileType = sourcecode.c.objc; path = ComposeCommentView.m; sourceTree = "<group>"; };
		9754CE3D8B9BB65FAEAE80F6 /* Pods.debug.xcconfig */ = {isa = PBXFileReference; includeInIndex = 1; lastKnownFileType = text.xcconfig; name = Pods.debug.xcconfig; path = "../Pods/Target Support Files/Pods/Pods.debug.xcconfig"; sourceTree = "<group>"; };
		D6B236342E29A8CA3B299477 /* Pods.release.xcconfig */ = {isa = PBXFileReference; includeInIndex = 1; lastKnownFileType = text.xcconfig; name = Pods.release.xcconfig; path = "../Pods/Target Support Files/Pods/Pods.release.xcconfig"; sourceTree = "<group>"; };
/* End PBXFileReference section */

/* Begin PBXFrameworksBuildPhase section */
		43B60DA11BCC3166004FB168 /* Frameworks */ = {
			isa = PBXFrameworksBuildPhase;
			buildActionMask = 2147483647;
			files = (
				67E52AD2E6034D7B1950E646 /* libPods.a in Frameworks */,
			);
			runOnlyForDeploymentPostprocessing = 0;
		};
		43B60DBA1BCC3166004FB168 /* Frameworks */ = {
			isa = PBXFrameworksBuildPhase;
			buildActionMask = 2147483647;
			files = (
			);
			runOnlyForDeploymentPostprocessing = 0;
		};
		43B60DC51BCC3166004FB168 /* Frameworks */ = {
			isa = PBXFrameworksBuildPhase;
			buildActionMask = 2147483647;
			files = (
			);
			runOnlyForDeploymentPostprocessing = 0;
		};
/* End PBXFrameworksBuildPhase section */

/* Begin PBXGroup section */
		43B60D9B1BCC3166004FB168 = {
			isa = PBXGroup;
			children = (
				43B60DA61BCC3166004FB168 /* Blocstagram */,
				43B60DC01BCC3166004FB168 /* BlocstagramTests */,
				43B60DCB1BCC3166004FB168 /* BlocstagramUITests */,
				43B60DA51BCC3166004FB168 /* Products */,
				8A5EC6B6A91FBC6FF23693CE /* Pods */,
				9207421F7B39BE60475A70E9 /* Frameworks */,
			);
			sourceTree = "<group>";
		};
		43B60DA51BCC3166004FB168 /* Products */ = {
			isa = PBXGroup;
			children = (
				43B60DA41BCC3166004FB168 /* Blocstagram.app */,
				43B60DBD1BCC3166004FB168 /* BlocstagramTests.xctest */,
				43B60DC81BCC3166004FB168 /* BlocstagramUITests.xctest */,
			);
			name = Products;
			sourceTree = "<group>";
		};
		43B60DA61BCC3166004FB168 /* Blocstagram */ = {
			isa = PBXGroup;
			children = (
				43FE20921BED5F76009D0D56 /* ComposeCommentView.h */,
				43FE20931BED5F76009D0D56 /* ComposeCommentView.m */,
				43B60DAA1BCC3166004FB168 /* AppDelegate.h */,
				43B60DAB1BCC3166004FB168 /* AppDelegate.m */,
				43CA630F1BDEB5AF008606F1 /* LoginViewController.h */,
				43CA63101BDEB5AF008606F1 /* LoginViewController.m */,
				43D58C581BCC373C002907C7 /* ImagesTableViewController.h */,
				43D58C591BCC373C002907C7 /* ImagesTableViewController.m */,
				43CA63121BE2CBDB008606F1 /* MediaFullScreenViewController.h */,
				43CA63131BE2CBDB008606F1 /* MediaFullScreenViewController.m */,
				43B60DB31BCC3166004FB168 /* Assets.xcassets */,
				43B60DB51BCC3166004FB168 /* LaunchScreen.storyboard */,
				43B60DB81BCC3166004FB168 /* Info.plist */,
				43D58C5B1BCC5527002907C7 /* User.h */,
				43D58C5C1BCC5527002907C7 /* User.m */,
				43D58C5E1BCC5534002907C7 /* Media.h */,
				43D58C5F1BCC5534002907C7 /* Media.m */,
				43D58C611BCC5541002907C7 /* Comment.h */,
				43D58C621BCC5541002907C7 /* Comment.m */,
				43D58C641BCC5612002907C7 /* DataSource.h */,
				43D58C651BCC5612002907C7 /* DataSource.m */,
				43894FB51BD1705D00DB9771 /* MediaTableViewCell.h */,
				43894FB61BD1705D00DB9771 /* MediaTableViewCell.m */,
				437C2D361BEA7FA4001AE9D7 /* CircleSpinnerView.h */,
				437C2D371BEA7FA4001AE9D7 /* CircleSpinnerView.m */,
				437C2D391BEA8CA9001AE9D7 /* LikeButton.h */,
				437C2D3A1BEA8CA9001AE9D7 /* LikeButton.m */,
				437AFF7F1BF1530300105C21 /* CameraToolbar.h */,
				437AFF801BF1530300105C21 /* CameraToolbar.m */,
				437AFF851BF1581B00105C21 /* CameraViewController.h */,
				437AFF861BF1581B00105C21 /* CameraViewController.m */,
				437AFF881BF15B3E00105C21 /* UIImage+ImageUtilities.h */,
				437AFF891BF15B3E00105C21 /* UIImage+ImageUtilities.m */,
				437ED1B61BF7C5B500FFC158 /* ImageLibraryViewController.h */,
				437ED1B71BF7C5B500FFC158 /* ImageLibraryViewController.m */,
				437ED1B11BF7C56100FFC158 /* CropImageViewController.h */,
				437ED1B01BF7C56100FFC158 /* CropImageViewController.m */,
				437ED1B31BF7C56100FFC158 /* CropBox.h */,
				437ED1B21BF7C56100FFC158 /* CropBox.m */,
				437ED1B91BF7F35200FFC158 /* PostToInstagramViewController.h */,
				437ED1BA1BF7F35200FFC158 /* PostToInstagramViewController.m */,
				43125FDE1BFA997700D3429A /* PostCollectionViewCell.h */,
				43125FDF1BFA997700D3429A /* PostCollectionViewCell.m */,
				43B60DA71BCC3166004FB168 /* Supporting Files */,
			);
			path = Blocstagram;
			sourceTree = "<group>";
		};
		43B60DA71BCC3166004FB168 /* Supporting Files */ = {
			isa = PBXGroup;
			children = (
				43B60DA81BCC3166004FB168 /* main.m */,
			);
			name = "Supporting Files";
			sourceTree = "<group>";
		};
		43B60DC01BCC3166004FB168 /* BlocstagramTests */ = {
			isa = PBXGroup;
			children = (
				43B60DC11BCC3166004FB168 /* BlocstagramTests.m */,
				43B60DC31BCC3166004FB168 /* Info.plist */,
				431D4B591C0509C800BD03A3 /* UserTests.m */,
			);
			path = BlocstagramTests;
			sourceTree = "<group>";
		};
		43B60DCB1BCC3166004FB168 /* BlocstagramUITests */ = {
			isa = PBXGroup;
			children = (
				43B60DCC1BCC3166004FB168 /* BlocstagramUITests.m */,
				43B60DCE1BCC3166004FB168 /* Info.plist */,
			);
			path = BlocstagramUITests;
			sourceTree = "<group>";
		};
		8A5EC6B6A91FBC6FF23693CE /* Pods */ = {
			isa = PBXGroup;
			children = (
				9754CE3D8B9BB65FAEAE80F6 /* Pods.debug.xcconfig */,
				D6B236342E29A8CA3B299477 /* Pods.release.xcconfig */,
			);
			name = Pods;
			sourceTree = "<group>";
		};
		9207421F7B39BE60475A70E9 /* Frameworks */ = {
			isa = PBXGroup;
			children = (
				370C3740C6203857BF098F1A /* libPods.a */,
			);
			name = Frameworks;
			sourceTree = "<group>";
		};
/* End PBXGroup section */

/* Begin PBXNativeTarget section */
		43B60DA31BCC3166004FB168 /* Blocstagram */ = {
			isa = PBXNativeTarget;
			buildConfigurationList = 43B60DD11BCC3166004FB168 /* Build configuration list for PBXNativeTarget "Blocstagram" */;
			buildPhases = (
				A730F03DD96B8CA77B85BA41 /* Check Pods Manifest.lock */,
				43B60DA01BCC3166004FB168 /* Sources */,
				43B60DA11BCC3166004FB168 /* Frameworks */,
				43B60DA21BCC3166004FB168 /* Resources */,
				AD9B93576A79039B15BAD515 /* Embed Pods Frameworks */,
				9FE1C0BBF2A6B53063815E7F /* Copy Pods Resources */,
			);
			buildRules = (
			);
			dependencies = (
			);
			name = Blocstagram;
			productName = Blocstagram;
			productReference = 43B60DA41BCC3166004FB168 /* Blocstagram.app */;
			productType = "com.apple.product-type.application";
		};
		43B60DBC1BCC3166004FB168 /* BlocstagramTests */ = {
			isa = PBXNativeTarget;
			buildConfigurationList = 43B60DD41BCC3166004FB168 /* Build configuration list for PBXNativeTarget "BlocstagramTests" */;
			buildPhases = (
				43B60DB91BCC3166004FB168 /* Sources */,
				43B60DBA1BCC3166004FB168 /* Frameworks */,
				43B60DBB1BCC3166004FB168 /* Resources */,
			);
			buildRules = (
			);
			dependencies = (
				43B60DBF1BCC3166004FB168 /* PBXTargetDependency */,
			);
			name = BlocstagramTests;
			productName = BlocstagramTests;
			productReference = 43B60DBD1BCC3166004FB168 /* BlocstagramTests.xctest */;
			productType = "com.apple.product-type.bundle.unit-test";
		};
		43B60DC71BCC3166004FB168 /* BlocstagramUITests */ = {
			isa = PBXNativeTarget;
			buildConfigurationList = 43B60DD71BCC3166004FB168 /* Build configuration list for PBXNativeTarget "BlocstagramUITests" */;
			buildPhases = (
				43B60DC41BCC3166004FB168 /* Sources */,
				43B60DC51BCC3166004FB168 /* Frameworks */,
				43B60DC61BCC3166004FB168 /* Resources */,
			);
			buildRules = (
			);
			dependencies = (
				43B60DCA1BCC3166004FB168 /* PBXTargetDependency */,
			);
			name = BlocstagramUITests;
			productName = BlocstagramUITests;
			productReference = 43B60DC81BCC3166004FB168 /* BlocstagramUITests.xctest */;
			productType = "com.apple.product-type.bundle.ui-testing";
		};
/* End PBXNativeTarget section */

/* Begin PBXProject section */
		43B60D9C1BCC3166004FB168 /* Project object */ = {
			isa = PBXProject;
			attributes = {
				LastUpgradeCheck = 0700;
				ORGANIZATIONNAME = Bloc;
				TargetAttributes = {
					43B60DA31BCC3166004FB168 = {
						CreatedOnToolsVersion = 7.0.1;
					};
					43B60DBC1BCC3166004FB168 = {
						CreatedOnToolsVersion = 7.0.1;
						TestTargetID = 43B60DA31BCC3166004FB168;
					};
					43B60DC71BCC3166004FB168 = {
						CreatedOnToolsVersion = 7.0.1;
						TestTargetID = 43B60DA31BCC3166004FB168;
					};
				};
			};
			buildConfigurationList = 43B60D9F1BCC3166004FB168 /* Build configuration list for PBXProject "Blocstagram" */;
			compatibilityVersion = "Xcode 3.2";
			developmentRegion = English;
			hasScannedForEncodings = 0;
			knownRegions = (
				en,
				Base,
			);
			mainGroup = 43B60D9B1BCC3166004FB168;
			productRefGroup = 43B60DA51BCC3166004FB168 /* Products */;
			projectDirPath = "";
			projectRoot = "";
			targets = (
				43B60DA31BCC3166004FB168 /* Blocstagram */,
				43B60DBC1BCC3166004FB168 /* BlocstagramTests */,
				43B60DC71BCC3166004FB168 /* BlocstagramUITests */,
			);
		};
/* End PBXProject section */

/* Begin PBXResourcesBuildPhase section */
		43B60DA21BCC3166004FB168 /* Resources */ = {
			isa = PBXResourcesBuildPhase;
			buildActionMask = 2147483647;
			files = (
				43B60DB71BCC3166004FB168 /* LaunchScreen.storyboard in Resources */,
				43B60DB41BCC3166004FB168 /* Assets.xcassets in Resources */,
			);
			runOnlyForDeploymentPostprocessing = 0;
		};
		43B60DBB1BCC3166004FB168 /* Resources */ = {
			isa = PBXResourcesBuildPhase;
			buildActionMask = 2147483647;
			files = (
			);
			runOnlyForDeploymentPostprocessing = 0;
		};
		43B60DC61BCC3166004FB168 /* Resources */ = {
			isa = PBXResourcesBuildPhase;
			buildActionMask = 2147483647;
			files = (
			);
			runOnlyForDeploymentPostprocessing = 0;
		};
/* End PBXResourcesBuildPhase section */

/* Begin PBXShellScriptBuildPhase section */
		9FE1C0BBF2A6B53063815E7F /* Copy Pods Resources */ = {
			isa = PBXShellScriptBuildPhase;
			buildActionMask = 2147483647;
			files = (
			);
			inputPaths = (
			);
			name = "Copy Pods Resources";
			outputPaths = (
			);
			runOnlyForDeploymentPostprocessing = 0;
			shellPath = /bin/sh;
			shellScript = "\"${SRCROOT}/../Pods/Target Support Files/Pods/Pods-resources.sh\"\n";
			showEnvVarsInLog = 0;
		};
		A730F03DD96B8CA77B85BA41 /* Check Pods Manifest.lock */ = {
			isa = PBXShellScriptBuildPhase;
			buildActionMask = 2147483647;
			files = (
			);
			inputPaths = (
			);
			name = "Check Pods Manifest.lock";
			outputPaths = (
			);
			runOnlyForDeploymentPostprocessing = 0;
			shellPath = /bin/sh;
			shellScript = "diff \"${PODS_ROOT}/../Podfile.lock\" \"${PODS_ROOT}/Manifest.lock\" > /dev/null\nif [[ $? != 0 ]] ; then\n    cat << EOM\nerror: The sandbox is not in sync with the Podfile.lock. Run 'pod install' or update your CocoaPods installation.\nEOM\n    exit 1\nfi\n";
			showEnvVarsInLog = 0;
		};
		AD9B93576A79039B15BAD515 /* Embed Pods Frameworks */ = {
			isa = PBXShellScriptBuildPhase;
			buildActionMask = 2147483647;
			files = (
			);
			inputPaths = (
			);
			name = "Embed Pods Frameworks";
			outputPaths = (
			);
			runOnlyForDeploymentPostprocessing = 0;
			shellPath = /bin/sh;
			shellScript = "\"${SRCROOT}/../Pods/Target Support Files/Pods/Pods-frameworks.sh\"\n";
			showEnvVarsInLog = 0;
		};
/* End PBXShellScriptBuildPhase section */

/* Begin PBXSourcesBuildPhase section */
		43B60DA01BCC3166004FB168 /* Sources */ = {
			isa = PBXSourcesBuildPhase;
			buildActionMask = 2147483647;
			files = (
				43CA63141BE2CBDB008606F1 /* MediaFullScreenViewController.m in Sources */,
				437C2D381BEA7FA4001AE9D7 /* CircleSpinnerView.m in Sources */,
				43D58C5D1BCC5527002907C7 /* User.m in Sources */,
				43D58C631BCC5541002907C7 /* Comment.m in Sources */,
				437ED1B81BF7C5B500FFC158 /* ImageLibraryViewController.m in Sources */,
				437ED1B41BF7C56100FFC158 /* CropImageViewController.m in Sources */,
				43894FB71BD1705D00DB9771 /* MediaTableViewCell.m in Sources */,
				43D58C601BCC5534002907C7 /* Media.m in Sources */,
				437ED1B51BF7C56100FFC158 /* CropBox.m in Sources */,
				437AFF811BF1530300105C21 /* CameraToolbar.m in Sources */,
				43B60DAC1BCC3166004FB168 /* AppDelegate.m in Sources */,
				43CA63111BDEB5AF008606F1 /* LoginViewController.m in Sources */,
				437ED1BB1BF7F35200FFC158 /* PostToInstagramViewController.m in Sources */,
				437AFF871BF1581B00105C21 /* CameraViewController.m in Sources */,
				437C2D3B1BEA8CA9001AE9D7 /* LikeButton.m in Sources */,
				43D58C661BCC5612002907C7 /* DataSource.m in Sources */,
				43FE20941BED5F76009D0D56 /* ComposeCommentView.m in Sources */,
				43B60DA91BCC3166004FB168 /* main.m in Sources */,
				437AFF8A1BF15B3E00105C21 /* UIImage+ImageUtilities.m in Sources */,
				43D58C5A1BCC373C002907C7 /* ImagesTableViewController.m in Sources */,
				43125FE01BFA997700D3429A /* PostCollectionViewCell.m in Sources */,
			);
			runOnlyForDeploymentPostprocessing = 0;
		};
		43B60DB91BCC3166004FB168 /* Sources */ = {
			isa = PBXSourcesBuildPhase;
			buildActionMask = 2147483647;
			files = (
				431D4B5A1C0509C800BD03A3 /* UserTests.m in Sources */,
				43B60DC21BCC3166004FB168 /* BlocstagramTests.m in Sources */,
			);
			runOnlyForDeploymentPostprocessing = 0;
		};
		43B60DC41BCC3166004FB168 /* Sources */ = {
			isa = PBXSourcesBuildPhase;
			buildActionMask = 2147483647;
			files = (
				43B60DCD1BCC3166004FB168 /* BlocstagramUITests.m in Sources */,
			);
			runOnlyForDeploymentPostprocessing = 0;
		};
/* End PBXSourcesBuildPhase section */

/* Begin PBXTargetDependency section */
		43B60DBF1BCC3166004FB168 /* PBXTargetDependency */ = {
			isa = PBXTargetDependency;
			target = 43B60DA31BCC3166004FB168 /* Blocstagram */;
			targetProxy = 43B60DBE1BCC3166004FB168 /* PBXContainerItemProxy */;
		};
		43B60DCA1BCC3166004FB168 /* PBXTargetDependency */ = {
			isa = PBXTargetDependency;
			target = 43B60DA31BCC3166004FB168 /* Blocstagram */;
			targetProxy = 43B60DC91BCC3166004FB168 /* PBXContainerItemProxy */;
		};
/* End PBXTargetDependency section */

/* Begin PBXVariantGroup section */
		43B60DB51BCC3166004FB168 /* LaunchScreen.storyboard */ = {
			isa = PBXVariantGroup;
			children = (
				43B60DB61BCC3166004FB168 /* Base */,
			);
			name = LaunchScreen.storyboard;
			sourceTree = "<group>";
		};
/* End PBXVariantGroup section */

/* Begin XCBuildConfiguration section */
		43B60DCF1BCC3166004FB168 /* Debug */ = {
			isa = XCBuildConfiguration;
			buildSettings = {
				ALWAYS_SEARCH_USER_PATHS = NO;
				CLANG_CXX_LANGUAGE_STANDARD = "gnu++0x";
				CLANG_CXX_LIBRARY = "libc++";
				CLANG_ENABLE_MODULES = YES;
				CLANG_ENABLE_OBJC_ARC = YES;
				CLANG_WARN_BOOL_CONVERSION = YES;
				CLANG_WARN_CONSTANT_CONVERSION = YES;
				CLANG_WARN_DIRECT_OBJC_ISA_USAGE = YES_ERROR;
				CLANG_WARN_EMPTY_BODY = YES;
				CLANG_WARN_ENUM_CONVERSION = YES;
				CLANG_WARN_INT_CONVERSION = YES;
				CLANG_WARN_OBJC_ROOT_CLASS = YES_ERROR;
				CLANG_WARN_UNREACHABLE_CODE = YES;
				CLANG_WARN__DUPLICATE_METHOD_MATCH = YES;
				"CODE_SIGN_IDENTITY[sdk=iphoneos*]" = "iPhone Developer";
				COPY_PHASE_STRIP = NO;
				DEBUG_INFORMATION_FORMAT = dwarf;
				ENABLE_STRICT_OBJC_MSGSEND = YES;
				ENABLE_TESTABILITY = YES;
				GCC_C_LANGUAGE_STANDARD = gnu99;
				GCC_DYNAMIC_NO_PIC = NO;
				GCC_NO_COMMON_BLOCKS = YES;
				GCC_OPTIMIZATION_LEVEL = 0;
				GCC_PREPROCESSOR_DEFINITIONS = (
					"DEBUG=1",
					"$(inherited)",
				);
				GCC_WARN_64_TO_32_BIT_CONVERSION = YES;
				GCC_WARN_ABOUT_RETURN_TYPE = YES_ERROR;
				GCC_WARN_UNDECLARED_SELECTOR = YES;
				GCC_WARN_UNINITIALIZED_AUTOS = YES_AGGRESSIVE;
				GCC_WARN_UNUSED_FUNCTION = YES;
				GCC_WARN_UNUSED_VARIABLE = YES;
				IPHONEOS_DEPLOYMENT_TARGET = 9.0;
				MTL_ENABLE_DEBUG_INFO = YES;
				ONLY_ACTIVE_ARCH = YES;
				SDKROOT = iphoneos;
				TARGETED_DEVICE_FAMILY = "1,2";
			};
			name = Debug;
		};
		43B60DD01BCC3166004FB168 /* Release */ = {
			isa = XCBuildConfiguration;
			buildSettings = {
				ALWAYS_SEARCH_USER_PATHS = NO;
				CLANG_CXX_LANGUAGE_STANDARD = "gnu++0x";
				CLANG_CXX_LIBRARY = "libc++";
				CLANG_ENABLE_MODULES = YES;
				CLANG_ENABLE_OBJC_ARC = YES;
				CLANG_WARN_BOOL_CONVERSION = YES;
				CLANG_WARN_CONSTANT_CONVERSION = YES;
				CLANG_WARN_DIRECT_OBJC_ISA_USAGE = YES_ERROR;
				CLANG_WARN_EMPTY_BODY = YES;
				CLANG_WARN_ENUM_CONVERSION = YES;
				CLANG_WARN_INT_CONVERSION = YES;
				CLANG_WARN_OBJC_ROOT_CLASS = YES_ERROR;
				CLANG_WARN_UNREACHABLE_CODE = YES;
				CLANG_WARN__DUPLICATE_METHOD_MATCH = YES;
				"CODE_SIGN_IDENTITY[sdk=iphoneos*]" = "iPhone Developer";
				COPY_PHASE_STRIP = NO;
				DEBUG_INFORMATION_FORMAT = "dwarf-with-dsym";
				ENABLE_NS_ASSERTIONS = NO;
				ENABLE_STRICT_OBJC_MSGSEND = YES;
				GCC_C_LANGUAGE_STANDARD = gnu99;
				GCC_NO_COMMON_BLOCKS = YES;
				GCC_WARN_64_TO_32_BIT_CONVERSION = YES;
				GCC_WARN_ABOUT_RETURN_TYPE = YES_ERROR;
				GCC_WARN_UNDECLARED_SELECTOR = YES;
				GCC_WARN_UNINITIALIZED_AUTOS = YES_AGGRESSIVE;
				GCC_WARN_UNUSED_FUNCTION = YES;
				GCC_WARN_UNUSED_VARIABLE = YES;
				IPHONEOS_DEPLOYMENT_TARGET = 9.0;
				MTL_ENABLE_DEBUG_INFO = NO;
				SDKROOT = iphoneos;
				TARGETED_DEVICE_FAMILY = "1,2";
				VALIDATE_PRODUCT = YES;
			};
			name = Release;
		};
		43B60DD21BCC3166004FB168 /* Debug */ = {
			isa = XCBuildConfiguration;
			baseConfigurationReference = 9754CE3D8B9BB65FAEAE80F6 /* Pods.debug.xcconfig */;
			buildSettings = {
				ASSETCATALOG_COMPILER_APPICON_NAME = AppIcon;
				INFOPLIST_FILE = Blocstagram/Info.plist;
				LD_RUNPATH_SEARCH_PATHS = "$(inherited) @executable_path/Frameworks";
				PRODUCT_BUNDLE_IDENTIFIER = com.Bloc.Blocstagram;
				PRODUCT_NAME = "$(TARGET_NAME)";
			};
			name = Debug;
		};
		43B60DD31BCC3166004FB168 /* Release */ = {
			isa = XCBuildConfiguration;
			baseConfigurationReference = D6B236342E29A8CA3B299477 /* Pods.release.xcconfig */;
			buildSettings = {
				ASSETCATALOG_COMPILER_APPICON_NAME = AppIcon;
				INFOPLIST_FILE = Blocstagram/Info.plist;
				LD_RUNPATH_SEARCH_PATHS = "$(inherited) @executable_path/Frameworks";
				PRODUCT_BUNDLE_IDENTIFIER = com.Bloc.Blocstagram;
				PRODUCT_NAME = "$(TARGET_NAME)";
			};
			name = Release;
		};
		43B60DD51BCC3166004FB168 /* Debug */ = {
			isa = XCBuildConfiguration;
			buildSettings = {
				BUNDLE_LOADER = "$(TEST_HOST)";
				INFOPLIST_FILE = BlocstagramTests/Info.plist;
				LD_RUNPATH_SEARCH_PATHS = "$(inherited) @executable_path/Frameworks @loader_path/Frameworks";
				PRODUCT_BUNDLE_IDENTIFIER = com.Bloc.BlocstagramTests;
				PRODUCT_NAME = "$(TARGET_NAME)";
				TEST_HOST = "$(BUILT_PRODUCTS_DIR)/Blocstagram.app/Blocstagram";
			};
			name = Debug;
		};
		43B60DD61BCC3166004FB168 /* Release */ = {
			isa = XCBuildConfiguration;
			buildSettings = {
				BUNDLE_LOADER = "$(TEST_HOST)";
				INFOPLIST_FILE = BlocstagramTests/Info.plist;
				LD_RUNPATH_SEARCH_PATHS = "$(inherited) @executable_path/Frameworks @loader_path/Frameworks";
				PRODUCT_BUNDLE_IDENTIFIER = com.Bloc.BlocstagramTests;
				PRODUCT_NAME = "$(TARGET_NAME)";
				TEST_HOST = "$(BUILT_PRODUCTS_DIR)/Blocstagram.app/Blocstagram";
			};
			name = Release;
		};
		43B60DD81BCC3166004FB168 /* Debug */ = {
			isa = XCBuildConfiguration;
			buildSettings = {
				INFOPLIST_FILE = BlocstagramUITests/Info.plist;
				LD_RUNPATH_SEARCH_PATHS = "$(inherited) @executable_path/Frameworks @loader_path/Frameworks";
				PRODUCT_BUNDLE_IDENTIFIER = com.Bloc.BlocstagramUITests;
				PRODUCT_NAME = "$(TARGET_NAME)";
				TEST_TARGET_NAME = Blocstagram;
				USES_XCTRUNNER = YES;
			};
			name = Debug;
		};
		43B60DD91BCC3166004FB168 /* Release */ = {
			isa = XCBuildConfiguration;
			buildSettings = {
				INFOPLIST_FILE = BlocstagramUITests/Info.plist;
				LD_RUNPATH_SEARCH_PATHS = "$(inherited) @executable_path/Frameworks @loader_path/Frameworks";
				PRODUCT_BUNDLE_IDENTIFIER = com.Bloc.BlocstagramUITests;
				PRODUCT_NAME = "$(TARGET_NAME)";
				TEST_TARGET_NAME = Blocstagram;
				USES_XCTRUNNER = YES;
			};
			name = Release;
		};
/* End XCBuildConfiguration section */

/* Begin XCConfigurationList section */
		43B60D9F1BCC3166004FB168 /* Build configuration list for PBXProject "Blocstagram" */ = {
			isa = XCConfigurationList;
			buildConfigurations = (
				43B60DCF1BCC3166004FB168 /* Debug */,
				43B60DD01BCC3166004FB168 /* Release */,
			);
			defaultConfigurationIsVisible = 0;
			defaultConfigurationName = Release;
		};
		43B60DD11BCC3166004FB168 /* Build configuration list for PBXNativeTarget "Blocstagram" */ = {
			isa = XCConfigurationList;
			buildConfigurations = (
				43B60DD21BCC3166004FB168 /* Debug */,
				43B60DD31BCC3166004FB168 /* Release */,
			);
			defaultConfigurationIsVisible = 0;
			defaultConfigurationName = Release;
		};
		43B60DD41BCC3166004FB168 /* Build configuration list for PBXNativeTarget "BlocstagramTests" */ = {
			isa = XCConfigurationList;
			buildConfigurations = (
				43B60DD51BCC3166004FB168 /* Debug */,
				43B60DD61BCC3166004FB168 /* Release */,
			);
			defaultConfigurationIsVisible = 0;
			defaultConfigurationName = Release;
		};
		43B60DD71BCC3166004FB168 /* Build configuration list for PBXNativeTarget "BlocstagramUITests" */ = {
			isa = XCConfigurationList;
			buildConfigurations = (
				43B60DD81BCC3166004FB168 /* Debug */,
				43B60DD91BCC3166004FB168 /* Release */,
			);
			defaultConfigurationIsVisible = 0;
			defaultConfigurationName = Release;
		};
/* End XCConfigurationList section */
	};
	rootObject = 43B60D9C1BCC3166004FB168 /* Project object */;
}
